
Microsoft Visual Studio Solution File, Format Version 12.00
# Visual Studio Version 17
VisualStudioVersion = 17.0.31919.166
MinimumVisualStudioVersion = 10.0.40219.1
Project("{9A19103F-16F7-4668-BE54-9A1E7A4F7556}") = "SchoolPostponementAPI", "SchoolPostponementAPI\SchoolPostponementAPI.csproj", "{C8DEF8FD-C175-4D9A-8710-914A84AFFEE9}"
EndProject
Project("{E53339B2-1760-4266-BCC7-CA923CBCF16C}") = "docker-compose", "docker-compose.dcproj", "{54D670E1-2801-418B-9696-8D3D94AFF115}"
EndProject
Project("{9A19103F-16F7-4668-BE54-9A1E7A4F7556}") = "TravelApprovalAPI", "TravelApprovalAPI\TravelApprovalAPI.csproj", "{F081088F-FBEC-4BF8-8C09-C30E81CC501A}"
EndProject
Project("{9A19103F-16F7-4668-BE54-9A1E7A4F7556}") = "CashAllowanceAPI", "CashAllowanceAPI\CashAllowanceAPI.csproj", "{A023C6D5-CDF6-48FF-905F-23F0E33CDC97}"
EndProject
Project("{9A19103F-16F7-4668-BE54-9A1E7A4F7556}") = "CashAllowancLessThan42", "CashAllowancLessThan42\CashAllowancLessThan42.csproj", "{40D94BBD-42AD-40AA-8310-1521C68A024D}"
EndProject
Project("{9A19103F-16F7-4668-BE54-9A1E7A4F7556}") = "AlonePostponement", "AlonePostponement\AlonePostponement.csproj", "{890C9554-C0AD-47C2-B658-568ED69E0A63}"
EndProject
Project("{9A19103F-16F7-4668-BE54-9A1E7A4F7556}") = "BrotherInServicePostponementAPI", "BrotherInServicePostponementAPI\BrotherInServicePostponementAPI.csproj", "{C323219D-A05D-4DF1-B04E-0AA368851BD1}"
EndProject
Project("{9A19103F-16F7-4668-BE54-9A1E7A4F7556}") = "LoginAPI", "LoginAPI\LoginAPI.csproj", "{FD870D47-54EC-4F15-9581-7A809E75C440}"
EndProject
Project("{9A19103F-16F7-4668-BE54-9A1E7A4F7556}") = "APIGateway", "APIGateway\APIGateway.csproj", "{F32C7066-AB7E-4181-A62B-348D17F53EC4}"
EndProject
Project("{9A19103F-16F7-4668-BE54-9A1E7A4F7556}") = "FixedServiceAllowanceAPI", "FixedServiceAllowanceAPI\FixedServiceAllowanceAPI.csproj", "{273D5DFA-E852-4C10-937F-4BDCF57809B7}"
EndProject
Project("{9A19103F-16F7-4668-BE54-9A1E7A4F7556}") = "PostponementOfConvictsAPI", "PostponementOfConvictsAPI\PostponementOfConvictsAPI.csproj", "{E7D52C6E-FEE7-4ADB-B6FF-8D5221E9BB26}"
EndProject
Project("{9A19103F-16F7-4668-BE54-9A1E7A4F7556}") = "ObligatoryServiceAPI", "ObligatoryServiceAPI\ObligatoryServiceAPI.csproj", "{9F659EC2-3828-406C-A9C0-31F540E2549E}"
EndProject
Project("{9A19103F-16F7-4668-BE54-9A1E7A4F7556}") = "ExternalAPICaller", "ExternalAPICaller\ExternalAPICaller.csproj", "{E66E5D90-BF29-4C3B-A64A-81E08D6D42DD}"
EndProject
Project("{9A19103F-16F7-4668-BE54-9A1E7A4F7556}") = "UserRequestHandler", "UserRequestHandler\UserRequestHandler.csproj", "{30FF7C04-1170-4D84-A7BF-E69758A08131}"
EndProject
Project("{9A19103F-16F7-4668-BE54-9A1E7A4F7556}") = "UserTransactions", "UserTransactions\UserTransactions.csproj", "{F7BF0A81-30E1-4306-9701-119F07BBD9B9}"
EndProject
Project("{9A19103F-16F7-4668-BE54-9A1E7A4F7556}") = "FinanceAPI", "APIGateway\FinanceAPI\FinanceAPI.csproj", "{52492A69-B465-45E8-9694-4144AC98F788}"
EndProject
Project("{FAE04EC0-301F-11D3-BF4B-00C04F79EFBC}") = "AdminDashboard", "AdminDashboard\AdminDashboard.csproj", "{8C57E4F3-0BDB-4712-89A6-DD7C50526836}"
EndProject
Global
	GlobalSection(SolutionConfigurationPlatforms) = preSolution
		Debug|Any CPU = Debug|Any CPU
		Release|Any CPU = Release|Any CPU
	EndGlobalSection
	GlobalSection(ProjectConfigurationPlatforms) = postSolution
		{C8DEF8FD-C175-4D9A-8710-914A84AFFEE9}.Debug|Any CPU.ActiveCfg = Debug|Any CPU
		{C8DEF8FD-C175-4D9A-8710-914A84AFFEE9}.Debug|Any CPU.Build.0 = Debug|Any CPU
		{C8DEF8FD-C175-4D9A-8710-914A84AFFEE9}.Release|Any CPU.ActiveCfg = Release|Any CPU
		{C8DEF8FD-C175-4D9A-8710-914A84AFFEE9}.Release|Any CPU.Build.0 = Release|Any CPU
		{54D670E1-2801-418B-9696-8D3D94AFF115}.Debug|Any CPU.ActiveCfg = Debug|Any CPU
		{54D670E1-2801-418B-9696-8D3D94AFF115}.Debug|Any CPU.Build.0 = Debug|Any CPU
		{54D670E1-2801-418B-9696-8D3D94AFF115}.Release|Any CPU.ActiveCfg = Release|Any CPU
		{54D670E1-2801-418B-9696-8D3D94AFF115}.Release|Any CPU.Build.0 = Release|Any CPU
		{F081088F-FBEC-4BF8-8C09-C30E81CC501A}.Debug|Any CPU.ActiveCfg = Debug|Any CPU
		{F081088F-FBEC-4BF8-8C09-C30E81CC501A}.Debug|Any CPU.Build.0 = Debug|Any CPU
		{F081088F-FBEC-4BF8-8C09-C30E81CC501A}.Release|Any CPU.ActiveCfg = Release|Any CPU
		{F081088F-FBEC-4BF8-8C09-C30E81CC501A}.Release|Any CPU.Build.0 = Release|Any CPU
		{A023C6D5-CDF6-48FF-905F-23F0E33CDC97}.Debug|Any CPU.ActiveCfg = Debug|Any CPU
		{A023C6D5-CDF6-48FF-905F-23F0E33CDC97}.Debug|Any CPU.Build.0 = Debug|Any CPU
		{A023C6D5-CDF6-48FF-905F-23F0E33CDC97}.Release|Any CPU.ActiveCfg = Release|Any CPU
		{A023C6D5-CDF6-48FF-905F-23F0E33CDC97}.Release|Any CPU.Build.0 = Release|Any CPU
		{40D94BBD-42AD-40AA-8310-1521C68A024D}.Debug|Any CPU.ActiveCfg = Debug|Any CPU
		{40D94BBD-42AD-40AA-8310-1521C68A024D}.Debug|Any CPU.Build.0 = Debug|Any CPU
		{40D94BBD-42AD-40AA-8310-1521C68A024D}.Release|Any CPU.ActiveCfg = Release|Any CPU
		{40D94BBD-42AD-40AA-8310-1521C68A024D}.Release|Any CPU.Build.0 = Release|Any CPU
		{890C9554-C0AD-47C2-B658-568ED69E0A63}.Debug|Any CPU.ActiveCfg = Debug|Any CPU
		{890C9554-C0AD-47C2-B658-568ED69E0A63}.Debug|Any CPU.Build.0 = Debug|Any CPU
		{890C9554-C0AD-47C2-B658-568ED69E0A63}.Release|Any CPU.ActiveCfg = Release|Any CPU
		{890C9554-C0AD-47C2-B658-568ED69E0A63}.Release|Any CPU.Build.0 = Release|Any CPU
		{C323219D-A05D-4DF1-B04E-0AA368851BD1}.Debug|Any CPU.ActiveCfg = Debug|Any CPU
		{C323219D-A05D-4DF1-B04E-0AA368851BD1}.Debug|Any CPU.Build.0 = Debug|Any CPU
		{C323219D-A05D-4DF1-B04E-0AA368851BD1}.Release|Any CPU.ActiveCfg = Release|Any CPU
		{C323219D-A05D-4DF1-B04E-0AA368851BD1}.Release|Any CPU.Build.0 = Release|Any CPU
		{FD870D47-54EC-4F15-9581-7A809E75C440}.Debug|Any CPU.ActiveCfg = Debug|Any CPU
		{FD870D47-54EC-4F15-9581-7A809E75C440}.Debug|Any CPU.Build.0 = Debug|Any CPU
		{FD870D47-54EC-4F15-9581-7A809E75C440}.Release|Any CPU.ActiveCfg = Release|Any CPU
		{FD870D47-54EC-4F15-9581-7A809E75C440}.Release|Any CPU.Build.0 = Release|Any CPU
		{F32C7066-AB7E-4181-A62B-348D17F53EC4}.Debug|Any CPU.ActiveCfg = Debug|Any CPU
		{F32C7066-AB7E-4181-A62B-348D17F53EC4}.Debug|Any CPU.Build.0 = Debug|Any CPU
		{F32C7066-AB7E-4181-A62B-348D17F53EC4}.Release|Any CPU.ActiveCfg = Release|Any CPU
		{F32C7066-AB7E-4181-A62B-348D17F53EC4}.Release|Any CPU.Build.0 = Release|Any CPU
		{273D5DFA-E852-4C10-937F-4BDCF57809B7}.Debug|Any CPU.ActiveCfg = Debug|Any CPU
		{273D5DFA-E852-4C10-937F-4BDCF57809B7}.Debug|Any CPU.Build.0 = Debug|Any CPU
		{273D5DFA-E852-4C10-937F-4BDCF57809B7}.Release|Any CPU.ActiveCfg = Release|Any CPU
		{273D5DFA-E852-4C10-937F-4BDCF57809B7}.Release|Any CPU.Build.0 = Release|Any CPU
		{E7D52C6E-FEE7-4ADB-B6FF-8D5221E9BB26}.Debug|Any CPU.ActiveCfg = Debug|Any CPU
		{E7D52C6E-FEE7-4ADB-B6FF-8D5221E9BB26}.Debug|Any CPU.Build.0 = Debug|Any CPU
		{E7D52C6E-FEE7-4ADB-B6FF-8D5221E9BB26}.Release|Any CPU.ActiveCfg = Release|Any CPU
		{E7D52C6E-FEE7-4ADB-B6FF-8D5221E9BB26}.Release|Any CPU.Build.0 = Release|Any CPU
		{9F659EC2-3828-406C-A9C0-31F540E2549E}.Debug|Any CPU.ActiveCfg = Debug|Any CPU
		{9F659EC2-3828-406C-A9C0-31F540E2549E}.Debug|Any CPU.Build.0 = Debug|Any CPU
		{9F659EC2-3828-406C-A9C0-31F540E2549E}.Release|Any CPU.ActiveCfg = Release|Any CPU
		{9F659EC2-3828-406C-A9C0-31F540E2549E}.Release|Any CPU.Build.0 = Release|Any CPU
		{E66E5D90-BF29-4C3B-A64A-81E08D6D42DD}.Debug|Any CPU.ActiveCfg = Debug|Any CPU
		{E66E5D90-BF29-4C3B-A64A-81E08D6D42DD}.Debug|Any CPU.Build.0 = Debug|Any CPU
		{E66E5D90-BF29-4C3B-A64A-81E08D6D42DD}.Release|Any CPU.ActiveCfg = Release|Any CPU
		{E66E5D90-BF29-4C3B-A64A-81E08D6D42DD}.Release|Any CPU.Build.0 = Release|Any CPU
		{30FF7C04-1170-4D84-A7BF-E69758A08131}.Debug|Any CPU.ActiveCfg = Debug|Any CPU
		{30FF7C04-1170-4D84-A7BF-E69758A08131}.Debug|Any CPU.Build.0 = Debug|Any CPU
		{30FF7C04-1170-4D84-A7BF-E69758A08131}.Release|Any CPU.ActiveCfg = Release|Any CPU
		{30FF7C04-1170-4D84-A7BF-E69758A08131}.Release|Any CPU.Build.0 = Release|Any CPU
		{F7BF0A81-30E1-4306-9701-119F07BBD9B9}.Debug|Any CPU.ActiveCfg = Debug|Any CPU
		{F7BF0A81-30E1-4306-9701-119F07BBD9B9}.Debug|Any CPU.Build.0 = Debug|Any CPU
		{F7BF0A81-30E1-4306-9701-119F07BBD9B9}.Release|Any CPU.ActiveCfg = Release|Any CPU
		{F7BF0A81-30E1-4306-9701-119F07BBD9B9}.Release|Any CPU.Build.0 = Release|Any CPU
		{52492A69-B465-45E8-9694-4144AC98F788}.Debug|Any CPU.ActiveCfg = Debug|Any CPU
		{52492A69-B465-45E8-9694-4144AC98F788}.Debug|Any CPU.Build.0 = Debug|Any CPU
		{52492A69-B465-45E8-9694-4144AC98F788}.Release|Any CPU.ActiveCfg = Release|Any CPU
		{52492A69-B465-45E8-9694-4144AC98F788}.Release|Any CPU.Build.0 = Release|Any CPU
		{8C57E4F3-0BDB-4712-89A6-DD7C50526836}.Debug|Any CPU.ActiveCfg = Debug|Any CPU
		{8C57E4F3-0BDB-4712-89A6-DD7C50526836}.Debug|Any CPU.Build.0 = Debug|Any CPU
		{8C57E4F3-0BDB-4712-89A6-DD7C50526836}.Release|Any CPU.ActiveCfg = Release|Any CPU
		{8C57E4F3-0BDB-4712-89A6-DD7C50526836}.Release|Any CPU.Build.0 = Release|Any CPU
	EndGlobalSection
	GlobalSection(SolutionProperties) = preSolution
		HideSolutionNode = FALSE
	EndGlobalSection
	GlobalSection(ExtensibilityGlobals) = postSolution
		SolutionGuid = {F4C00473-C4DC-440E-85C3-AA94F53E9F9B}
	EndGlobalSection
EndGlobal
