
Microsoft Visual Studio Solution File, Format Version 12.00
# Visual Studio Version 17
VisualStudioVersion = 17.0.31919.166
MinimumVisualStudioVersion = 10.0.40219.1
Project("{9A19103F-16F7-4668-BE54-9A1E7A4F7556}") = "SchoolPostponementAPI", "SchoolPostponementAPI\SchoolPostponementAPI.csproj", "{C8DEF8FD-C175-4D9A-8710-914A84AFFEE9}"
EndProject
Project("{E53339B2-1760-4266-BCC7-CA923CBCF16C}") = "docker-compose", "docker-compose.dcproj", "{54D670E1-2801-418B-9696-8D3D94AFF115}"
EndProject
Project("{9A19103F-16F7-4668-BE54-9A1E7A4F7556}") = "TravelApprovalAPI", "TravelApprovalAPI\TravelApprovalAPI.csproj", "{F081088F-FBEC-4BF8-8C09-C30E81CC501A}"
EndProject
Project("{9A19103F-16F7-4668-BE54-9A1E7A4F7556}") = "CashAllowanceAPI", "CashAllowanceAPI\CashAllowanceAPI.csproj", "{A023C6D5-CDF6-48FF-905F-23F0E33CDC97}"
EndProject
Project("{9A19103F-16F7-4668-BE54-9A1E7A4F7556}") = "CashAllowancLessThan42", "CashAllowancLessThan42\CashAllowancLessThan42.csproj", "{40D94BBD-42AD-40AA-8310-1521C68A024D}"
EndProject
Project("{9A19103F-16F7-4668-BE54-9A1E7A4F7556}") = "AlonePostponement", "AlonePostponement\AlonePostponement.csproj", "{890C9554-C0AD-47C2-B658-568ED69E0A63}"
EndProject
Project("{9A19103F-16F7-4668-BE54-9A1E7A4F7556}") = "BrotherInServicePostponementAPI", "BrotherInServicePostponementAPI\BrotherInServicePostponementAPI.csproj", "{C323219D-A05D-4DF1-B04E-0AA368851BD1}"
EndProject
Project("{9A19103F-16F7-4668-BE54-9A1E7A4F7556}") = "FixedServiceAllowanceAPI", "FixedServiceAllowanceAPI\FixedServiceAllowanceAPI.csproj", "{A8B6AF8B-C6D1-4FB2-A6B1-2CF65E885FD6}"
EndProject
Project("{9A19103F-16F7-4668-BE54-9A1E7A4F7556}") = "LoginAPI", "LoginAPI\LoginAPI.csproj", "{FD870D47-54EC-4F15-9581-7A809E75C440}"
EndProject
Project("{FAE04EC0-301F-11D3-BF4B-00C04F79EFBC}") = "APIGateway", "APIGateway\APIGateway.csproj", "{F32C7066-AB7E-4181-A62B-348D17F53EC4}"
EndProject
Global
	GlobalSection(SolutionConfigurationPlatforms) = preSolution
		Debug|Any CPU = Debug|Any CPU
		Release|Any CPU = Release|Any CPU
	EndGlobalSection
	GlobalSection(ProjectConfigurationPlatforms) = postSolution
		{C8DEF8FD-C175-4D9A-8710-914A84AFFEE9}.Debug|Any CPU.ActiveCfg = Debug|Any CPU
		{C8DEF8FD-C175-4D9A-8710-914A84AFFEE9}.Debug|Any CPU.Build.0 = Debug|Any CPU
		{C8DEF8FD-C175-4D9A-8710-914A84AFFEE9}.Release|Any CPU.ActiveCfg = Release|Any CPU
		{C8DEF8FD-C175-4D9A-8710-914A84AFFEE9}.Release|Any CPU.Build.0 = Release|Any CPU
		{54D670E1-2801-418B-9696-8D3D94AFF115}.Debug|Any CPU.ActiveCfg = Debug|Any CPU
		{54D670E1-2801-418B-9696-8D3D94AFF115}.Debug|Any CPU.Build.0 = Debug|Any CPU
		{54D670E1-2801-418B-9696-8D3D94AFF115}.Release|Any CPU.ActiveCfg = Release|Any CPU
		{54D670E1-2801-418B-9696-8D3D94AFF115}.Release|Any CPU.Build.0 = Release|Any CPU
		{F081088F-FBEC-4BF8-8C09-C30E81CC501A}.Debug|Any CPU.ActiveCfg = Debug|Any CPU
		{F081088F-FBEC-4BF8-8C09-C30E81CC501A}.Debug|Any CPU.Build.0 = Debug|Any CPU
		{F081088F-FBEC-4BF8-8C09-C30E81CC501A}.Release|Any CPU.ActiveCfg = Release|Any CPU
		{F081088F-FBEC-4BF8-8C09-C30E81CC501A}.Release|Any CPU.Build.0 = Release|Any CPU
		{A023C6D5-CDF6-48FF-905F-23F0E33CDC97}.Debug|Any CPU.ActiveCfg = Debug|Any CPU
		{A023C6D5-CDF6-48FF-905F-23F0E33CDC97}.Debug|Any CPU.Build.0 = Debug|Any CPU
		{A023C6D5-CDF6-48FF-905F-23F0E33CDC97}.Release|Any CPU.ActiveCfg = Release|Any CPU
		{A023C6D5-CDF6-48FF-905F-23F0E33CDC97}.Release|Any CPU.Build.0 = Release|Any CPU
		{40D94BBD-42AD-40AA-8310-1521C68A024D}.Debug|Any CPU.ActiveCfg = Debug|Any CPU
		{40D94BBD-42AD-40AA-8310-1521C68A024D}.Debug|Any CPU.Build.0 = Debug|Any CPU
		{40D94BBD-42AD-40AA-8310-1521C68A024D}.Release|Any CPU.ActiveCfg = Release|Any CPU
		{40D94BBD-42AD-40AA-8310-1521C68A024D}.Release|Any CPU.Build.0 = Release|Any CPU
		{890C9554-C0AD-47C2-B658-568ED69E0A63}.Debug|Any CPU.ActiveCfg = Debug|Any CPU
		{890C9554-C0AD-47C2-B658-568ED69E0A63}.Debug|Any CPU.Build.0 = Debug|Any CPU
		{890C9554-C0AD-47C2-B658-568ED69E0A63}.Release|Any CPU.ActiveCfg = Release|Any CPU
		{890C9554-C0AD-47C2-B658-568ED69E0A63}.Release|Any CPU.Build.0 = Release|Any CPU
		{C323219D-A05D-4DF1-B04E-0AA368851BD1}.Debug|Any CPU.ActiveCfg = Debug|Any CPU
		{C323219D-A05D-4DF1-B04E-0AA368851BD1}.Debug|Any CPU.Build.0 = Debug|Any CPU
		{C323219D-A05D-4DF1-B04E-0AA368851BD1}.Release|Any CPU.ActiveCfg = Release|Any CPU
		{C323219D-A05D-4DF1-B04E-0AA368851BD1}.Release|Any CPU.Build.0 = Release|Any CPU
		{A8B6AF8B-C6D1-4FB2-A6B1-2CF65E885FD6}.Debug|Any CPU.ActiveCfg = Debug|Any CPU
		{A8B6AF8B-C6D1-4FB2-A6B1-2CF65E885FD6}.Debug|Any CPU.Build.0 = Debug|Any CPU
		{A8B6AF8B-C6D1-4FB2-A6B1-2CF65E885FD6}.Release|Any CPU.ActiveCfg = Release|Any CPU
		{A8B6AF8B-C6D1-4FB2-A6B1-2CF65E885FD6}.Release|Any CPU.Build.0 = Release|Any CPU
		{FD870D47-54EC-4F15-9581-7A809E75C440}.Debug|Any CPU.ActiveCfg = Debug|Any CPU
		{FD870D47-54EC-4F15-9581-7A809E75C440}.Debug|Any CPU.Build.0 = Debug|Any CPU
		{FD870D47-54EC-4F15-9581-7A809E75C440}.Release|Any CPU.ActiveCfg = Release|Any CPU
		{FD870D47-54EC-4F15-9581-7A809E75C440}.Release|Any CPU.Build.0 = Release|Any CPU
		{F32C7066-AB7E-4181-A62B-348D17F53EC4}.Debug|Any CPU.ActiveCfg = Debug|Any CPU
		{F32C7066-AB7E-4181-A62B-348D17F53EC4}.Debug|Any CPU.Build.0 = Debug|Any CPU
		{F32C7066-AB7E-4181-A62B-348D17F53EC4}.Release|Any CPU.ActiveCfg = Release|Any CPU
		{F32C7066-AB7E-4181-A62B-348D17F53EC4}.Release|Any CPU.Build.0 = Release|Any CPU
	EndGlobalSection
	GlobalSection(SolutionProperties) = preSolution
		HideSolutionNode = FALSE
	EndGlobalSection
	GlobalSection(ExtensibilityGlobals) = postSolution
		SolutionGuid = {F4C00473-C4DC-440E-85C3-AA94F53E9F9B}
	EndGlobalSection
EndGlobal
